
Microsoft Visual Studio Solution File, Format Version 12.00
# Visual Studio Version 16
VisualStudioVersion = 16.0.31313.79
MinimumVisualStudioVersion = 10.0.40219.1
Project("{FAE04EC0-301F-11D3-BF4B-00C04F79EFBC}") = "d03.Host", "d03.Host\d03.Host.csproj", "{5C6D22C9-FDFC-489B-B9BD-E130C3EB1687}"
EndProject
Project("{FAE04EC0-301F-11D3-BF4B-00C04F79EFBC}") = "d03.Nasa", "d03.Nasa\d03.Nasa.csproj", "{994565D5-4E05-4757-AC29-3CCD2B9058A2}"
EndProject
Global
	GlobalSection(SolutionConfigurationPlatforms) = preSolution
		Debug|Any CPU = Debug|Any CPU
		Release|Any CPU = Release|Any CPU
	EndGlobalSection
	GlobalSection(ProjectConfigurationPlatforms) = postSolution
		{5C6D22C9-FDFC-489B-B9BD-E130C3EB1687}.Debug|Any CPU.ActiveCfg = Debug|Any CPU
		{5C6D22C9-FDFC-489B-B9BD-E130C3EB1687}.Debug|Any CPU.Build.0 = Debug|Any CPU
		{5C6D22C9-FDFC-489B-B9BD-E130C3EB1687}.Release|Any CPU.ActiveCfg = Release|Any CPU
		{5C6D22C9-FDFC-489B-B9BD-E130C3EB1687}.Release|Any CPU.Build.0 = Release|Any CPU
		{994565D5-4E05-4757-AC29-3CCD2B9058A2}.Debug|Any CPU.ActiveCfg = Debug|Any CPU
		{994565D5-4E05-4757-AC29-3CCD2B9058A2}.Debug|Any CPU.Build.0 = Debug|Any CPU
		{994565D5-4E05-4757-AC29-3CCD2B9058A2}.Release|Any CPU.ActiveCfg = Release|Any CPU
		{994565D5-4E05-4757-AC29-3CCD2B9058A2}.Release|Any CPU.Build.0 = Release|Any CPU
	EndGlobalSection
	GlobalSection(SolutionProperties) = preSolution
		HideSolutionNode = FALSE
	EndGlobalSection
	GlobalSection(ExtensibilityGlobals) = postSolution
		SolutionGuid = {70804D65-AF3F-4DEA-AE54-1536285D8AF9}
	EndGlobalSection
EndGlobal
